
Microsoft Visual Studio Solution File, Format Version 12.00
# Visual Studio Version 17
VisualStudioVersion = 17.4.33205.214
MinimumVisualStudioVersion = 10.0.40219.1
Project("{FAE04EC0-301F-11D3-BF4B-00C04F79EFBC}") = "AzureStorageAccountApi", "AzureStorageAccountApi\AzureStorageAccountApi.csproj", "{E724CFE2-EA91-4DF3-938D-9F0BE39E5A79}"
EndProject
Global
	GlobalSection(SolutionConfigurationPlatforms) = preSolution
		Debug|Any CPU = Debug|Any CPU
		Release|Any CPU = Release|Any CPU
	EndGlobalSection
	GlobalSection(ProjectConfigurationPlatforms) = postSolution
		{E724CFE2-EA91-4DF3-938D-9F0BE39E5A79}.Debug|Any CPU.ActiveCfg = Debug|Any CPU
		{E724CFE2-EA91-4DF3-938D-9F0BE39E5A79}.Debug|Any CPU.Build.0 = Debug|Any CPU
		{E724CFE2-EA91-4DF3-938D-9F0BE39E5A79}.Release|Any CPU.ActiveCfg = Release|Any CPU
		{E724CFE2-EA91-4DF3-938D-9F0BE39E5A79}.Release|Any CPU.Build.0 = Release|Any CPU
	EndGlobalSection
	GlobalSection(SolutionProperties) = preSolution
		HideSolutionNode = FALSE
	EndGlobalSection
	GlobalSection(ExtensibilityGlobals) = postSolution
		SolutionGuid = {29FF0DB6-F910-4087-8836-A60EF4C88100}
	EndGlobalSection
EndGlobal
